{
  "name": "snyk_repro",
  "version": "1.0.0",
  "lockfileVersion": 3,
  "requires": true,
  "packages": {
    "": {
      "name": "snyk_repro",
      "version": "1.0.0",
      "license": "ISC",
      "dependencies": {
        "my_k8s": "npmL@kubernetes/client-node@0.21.1"
      }
    },
    "node_modules/my_k8s": {
      "resolved": "npmL@kubernetes/client-node@0.21.1",
      "link": true
    },
    "npmL@kubernetes/client-node@0.21.1": {}
  }
}
